
Microsoft Visual Studio Solution File, Format Version 12.00
# Visual Studio 15
VisualStudioVersion = 15.0.28010.2003
MinimumVisualStudioVersion = 10.0.40219.1
Project("{FAE04EC0-301F-11D3-BF4B-00C04F79EFBC}") = "01_Cortex", "01_Cortex\01_Cortex.csproj", "{096FEFAD-BEA3-4C96-AEF7-B95D42F706E8}"
EndProject
Global
	GlobalSection(SolutionConfigurationPlatforms) = preSolution
		Debug|Any CPU = Debug|Any CPU
		Release|Any CPU = Release|Any CPU
	EndGlobalSection
	GlobalSection(ProjectConfigurationPlatforms) = postSolution
		{096FEFAD-BEA3-4C96-AEF7-B95D42F706E8}.Debug|Any CPU.ActiveCfg = Debug|Any CPU
		{096FEFAD-BEA3-4C96-AEF7-B95D42F706E8}.Debug|Any CPU.Build.0 = Debug|Any CPU
		{096FEFAD-BEA3-4C96-AEF7-B95D42F706E8}.Release|Any CPU.ActiveCfg = Release|Any CPU
		{096FEFAD-BEA3-4C96-AEF7-B95D42F706E8}.Release|Any CPU.Build.0 = Release|Any CPU
	EndGlobalSection
	GlobalSection(SolutionProperties) = preSolution
		HideSolutionNode = FALSE
	EndGlobalSection
	GlobalSection(ExtensibilityGlobals) = postSolution
		SolutionGuid = {6773E773-C87E-4FD8-9BC7-71EC86AB537E}
	EndGlobalSection
EndGlobal
